
Microsoft Visual Studio Solution File, Format Version 12.00
# Visual Studio 15
VisualStudioVersion = 15.0.28307.1209
MinimumVisualStudioVersion = 10.0.40219.1
Project("{FAE04EC0-301F-11D3-BF4B-00C04F79EFBC}") = "GravityCodeChallenge", "GravityCodeChallenge\GravityCodeChallenge.csproj", "{ED0609DE-B443-4C94-B7CC-983775CFDD12}"
EndProject
Global
	GlobalSection(SolutionConfigurationPlatforms) = preSolution
		Debug|Any CPU = Debug|Any CPU
		Release|Any CPU = Release|Any CPU
	EndGlobalSection
	GlobalSection(ProjectConfigurationPlatforms) = postSolution
		{ED0609DE-B443-4C94-B7CC-983775CFDD12}.Debug|Any CPU.ActiveCfg = Debug|Any CPU
		{ED0609DE-B443-4C94-B7CC-983775CFDD12}.Debug|Any CPU.Build.0 = Debug|Any CPU
		{ED0609DE-B443-4C94-B7CC-983775CFDD12}.Release|Any CPU.ActiveCfg = Release|Any CPU
		{ED0609DE-B443-4C94-B7CC-983775CFDD12}.Release|Any CPU.Build.0 = Release|Any CPU
	EndGlobalSection
	GlobalSection(SolutionProperties) = preSolution
		HideSolutionNode = FALSE
	EndGlobalSection
	GlobalSection(ExtensibilityGlobals) = postSolution
		SolutionGuid = {A9CB3160-E609-4A18-A265-6A88558ED069}
	EndGlobalSection
EndGlobal
